// !$*UTF8*$!
{
	archiveVersion = 1;
	classes = {
	};
	objectVersion = 56;
	objects = {

/* Begin PBXBuildFile section */
		A53CEEA829479CB4007892B4 /* User.swift in Sources */ = {isa = PBXBuildFile; fileRef = A53CEEA729479CB4007892B4 /* User.swift */; };
		A53CEEAC2947A794007892B4 /* UserDTO.swift in Sources */ = {isa = PBXBuildFile; fileRef = A53CEEAB2947A794007892B4 /* UserDTO.swift */; };
		A53CEEAE2947AAA9007892B4 /* UserAPI.swift in Sources */ = {isa = PBXBuildFile; fileRef = A53CEEAD2947AAA9007892B4 /* UserAPI.swift */; };
		A53CEEB22947AFC1007892B4 /* UserDataSource.swift in Sources */ = {isa = PBXBuildFile; fileRef = A53CEEB12947AFC1007892B4 /* UserDataSource.swift */; };
		A5DCB61F2948D4520078C0E5 /* ErrorAPI.swift in Sources */ = {isa = PBXBuildFile; fileRef = A5DCB61E2948D4520078C0E5 /* ErrorAPI.swift */; };
		A5DCB6212948D7530078C0E5 /* HTTPCode.swift in Sources */ = {isa = PBXBuildFile; fileRef = A5DCB6202948D7530078C0E5 /* HTTPCode.swift */; };
		A5E0F20C2944DA6400E79F3A /* App.swift in Sources */ = {isa = PBXBuildFile; fileRef = A5E0F20B2944DA6400E79F3A /* App.swift */; };
		A5E0F20E2944DA6400E79F3A /* WelcomeView.swift in Sources */ = {isa = PBXBuildFile; fileRef = A5E0F20D2944DA6400E79F3A /* WelcomeView.swift */; };
		A5E0F2102944DA6600E79F3A /* Assets.xcassets in Resources */ = {isa = PBXBuildFile; fileRef = A5E0F20F2944DA6600E79F3A /* Assets.xcassets */; };
		A5E0F24829461EEB00E79F3A /* Preview Assets.xcassets in Resources */ = {isa = PBXBuildFile; fileRef = A5E0F24729461EEB00E79F3A /* Preview Assets.xcassets */; };
/* End PBXBuildFile section */

/* Begin PBXFileReference section */
		A53CEEA729479CB4007892B4 /* User.swift */ = {isa = PBXFileReference; lastKnownFileType = sourcecode.swift; path = User.swift; sourceTree = "<group>"; };
		A53CEEAB2947A794007892B4 /* UserDTO.swift */ = {isa = PBXFileReference; lastKnownFileType = sourcecode.swift; path = UserDTO.swift; sourceTree = "<group>"; };
		A53CEEAD2947AAA9007892B4 /* UserAPI.swift */ = {isa = PBXFileReference; lastKnownFileType = sourcecode.swift; path = UserAPI.swift; sourceTree = "<group>"; };
		A53CEEB12947AFC1007892B4 /* UserDataSource.swift */ = {isa = PBXFileReference; lastKnownFileType = sourcecode.swift; path = UserDataSource.swift; sourceTree = "<group>"; };
		A5DCB61E2948D4520078C0E5 /* ErrorAPI.swift */ = {isa = PBXFileReference; lastKnownFileType = sourcecode.swift; path = ErrorAPI.swift; sourceTree = "<group>"; };
		A5DCB6202948D7530078C0E5 /* HTTPCode.swift */ = {isa = PBXFileReference; lastKnownFileType = sourcecode.swift; path = HTTPCode.swift; sourceTree = "<group>"; };
		A5E0F2082944DA6400E79F3A /* StarterKit.app */ = {isa = PBXFileReference; explicitFileType = wrapper.application; includeInIndex = 0; path = StarterKit.app; sourceTree = BUILT_PRODUCTS_DIR; };
		A5E0F20B2944DA6400E79F3A /* App.swift */ = {isa = PBXFileReference; lastKnownFileType = sourcecode.swift; path = App.swift; sourceTree = "<group>"; };
		A5E0F20D2944DA6400E79F3A /* WelcomeView.swift */ = {isa = PBXFileReference; lastKnownFileType = sourcecode.swift; path = WelcomeView.swift; sourceTree = "<group>"; };
		A5E0F20F2944DA6600E79F3A /* Assets.xcassets */ = {isa = PBXFileReference; lastKnownFileType = folder.assetcatalog; path = Assets.xcassets; sourceTree = "<group>"; };
		A5E0F24729461EEB00E79F3A /* Preview Assets.xcassets */ = {isa = PBXFileReference; lastKnownFileType = folder.assetcatalog; path = "Preview Assets.xcassets"; sourceTree = "<group>"; };
/* End PBXFileReference section */

/* Begin PBXFrameworksBuildPhase section */
		A5E0F2052944DA6400E79F3A /* Frameworks */ = {
			isa = PBXFrameworksBuildPhase;
			buildActionMask = 2147483647;
			files = (
			);
			runOnlyForDeploymentPostprocessing = 0;
		};
/* End PBXFrameworksBuildPhase section */

/* Begin PBXGroup section */
		A53CEEAF2947ABF2007892B4 /* Endpoints */ = {
			isa = PBXGroup;
			children = (
				A53CEEAD2947AAA9007892B4 /* UserAPI.swift */,
			);
			path = Endpoints;
			sourceTree = "<group>";
		};
		A53CEEB02947AF72007892B4 /* Interface */ = {
			isa = PBXGroup;
			children = (
				A53CEEB12947AFC1007892B4 /* UserDataSource.swift */,
			);
			path = Interface;
			sourceTree = "<group>";
		};
		A5DCB6222948D8A60078C0E5 /* Helpers */ = {
			isa = PBXGroup;
			children = (
				A5DCB61E2948D4520078C0E5 /* ErrorAPI.swift */,
				A5DCB6202948D7530078C0E5 /* HTTPCode.swift */,
			);
			path = Helpers;
			sourceTree = "<group>";
		};
		A5E0F1FF2944DA6400E79F3A = {
			isa = PBXGroup;
			children = (
				A5E0F20A2944DA6400E79F3A /* StarterKit */,
				A5E0F2092944DA6400E79F3A /* Products */,
			);
			sourceTree = "<group>";
		};
		A5E0F2092944DA6400E79F3A /* Products */ = {
			isa = PBXGroup;
			children = (
				A5E0F2082944DA6400E79F3A /* StarterKit.app */,
			);
			name = Products;
			sourceTree = "<group>";
		};
		A5E0F20A2944DA6400E79F3A /* StarterKit */ = {
			isa = PBXGroup;
			children = (
				A5E0F22A29461CE200E79F3A /* App */,
				A5E0F21C2944DD9400E79F3A /* Domain */,
				A5E0F21B2944DC2000E79F3A /* Presentation */,
				A5E0F21A2944DB9800E79F3A /* Data */,
				A5E0F2192944DB2200E79F3A /* Core */,
			);
			path = StarterKit;
			sourceTree = "<group>";
		};
		A5E0F2192944DB2200E79F3A /* Core */ = {
			isa = PBXGroup;
			children = (
				A5DCB6222948D8A60078C0E5 /* Helpers */,
				A5E0F21D2944DD9B00E79F3A /* Utilities */,
				A5E0F228294615F700E79F3A /* Resources */,
			);
			path = Core;
			sourceTree = "<group>";
		};
		A5E0F21A2944DB9800E79F3A /* Data */ = {
			isa = PBXGroup;
			children = (
				A5E0F2242944E0AB00E79F3A /* Sources */,
				A5E0F2232944E09A00E79F3A /* Repositories */,
			);
			path = Data;
			sourceTree = "<group>";
		};
		A5E0F21B2944DC2000E79F3A /* Presentation */ = {
			isa = PBXGroup;
			children = (
				A5E0F2222944DF2E00E79F3A /* Welcome */,
			);
			path = Presentation;
			sourceTree = "<group>";
		};
		A5E0F21C2944DD9400E79F3A /* Domain */ = {
			isa = PBXGroup;
			children = (
				A5E0F2202944DE7600E79F3A /* UseCases */,
				A5E0F21F2944DE6400E79F3A /* Repositories */,
				A5E0F21E2944DE5C00E79F3A /* Models */,
			);
			path = Domain;
			sourceTree = "<group>";
		};
		A5E0F21D2944DD9B00E79F3A /* Utilities */ = {
			isa = PBXGroup;
			children = (
			);
			path = Utilities;
			sourceTree = "<group>";
		};
		A5E0F21E2944DE5C00E79F3A /* Models */ = {
			isa = PBXGroup;
			children = (
				A53CEEA729479CB4007892B4 /* User.swift */,
			);
			path = Models;
			sourceTree = "<group>";
		};
		A5E0F21F2944DE6400E79F3A /* Repositories */ = {
			isa = PBXGroup;
			children = (
			);
			path = Repositories;
			sourceTree = "<group>";
		};
		A5E0F2202944DE7600E79F3A /* UseCases */ = {
			isa = PBXGroup;
			children = (
			);
			path = UseCases;
			sourceTree = "<group>";
		};
		A5E0F2222944DF2E00E79F3A /* Welcome */ = {
			isa = PBXGroup;
			children = (
				A5E0F20D2944DA6400E79F3A /* WelcomeView.swift */,
			);
			path = Welcome;
			sourceTree = "<group>";
		};
		A5E0F2232944E09A00E79F3A /* Repositories */ = {
			isa = PBXGroup;
			children = (
			);
			path = Repositories;
			sourceTree = "<group>";
		};
		A5E0F2242944E0AB00E79F3A /* Sources */ = {
			isa = PBXGroup;
			children = (
				A53CEEB02947AF72007892B4 /* Interface */,
				A5E0F2262944E0BC00E79F3A /* Network */,
				A5E0F2252944E0B200E79F3A /* Storage */,
			);
			path = Sources;
			sourceTree = "<group>";
		};
		A5E0F2252944E0B200E79F3A /* Storage */ = {
			isa = PBXGroup;
			children = (
				A5E0F22929461C2100E79F3A /* Entities */,
			);
			path = Storage;
			sourceTree = "<group>";
		};
		A5E0F2262944E0BC00E79F3A /* Network */ = {
			isa = PBXGroup;
			children = (
				A53CEEAF2947ABF2007892B4 /* Endpoints */,
				A5E0F2272944E1F800E79F3A /* Entities */,
			);
			path = Network;
			sourceTree = "<group>";
		};
		A5E0F2272944E1F800E79F3A /* Entities */ = {
			isa = PBXGroup;
			children = (
				A53CEEAB2947A794007892B4 /* UserDTO.swift */,
			);
			path = Entities;
			sourceTree = "<group>";
		};
		A5E0F228294615F700E79F3A /* Resources */ = {
			isa = PBXGroup;
			children = (
				A5E0F24629461EB500E79F3A /* App Assets */,
				A5E0F22B29461D9F00E79F3A /* Preview Assets */,
			);
			path = Resources;
			sourceTree = "<group>";
		};
		A5E0F22929461C2100E79F3A /* Entities */ = {
			isa = PBXGroup;
			children = (
			);
			path = Entities;
			sourceTree = "<group>";
		};
		A5E0F22A29461CE200E79F3A /* App */ = {
			isa = PBXGroup;
			children = (
				A5E0F20B2944DA6400E79F3A /* App.swift */,
			);
			path = App;
			sourceTree = "<group>";
		};
		A5E0F22B29461D9F00E79F3A /* Preview Assets */ = {
			isa = PBXGroup;
			children = (
				A5E0F24729461EEB00E79F3A /* Preview Assets.xcassets */,
			);
			path = "Preview Assets";
			sourceTree = "<group>";
		};
		A5E0F24629461EB500E79F3A /* App Assets */ = {
			isa = PBXGroup;
			children = (
				A5E0F20F2944DA6600E79F3A /* Assets.xcassets */,
			);
			path = "App Assets";
			sourceTree = "<group>";
		};
/* End PBXGroup section */

/* Begin PBXNativeTarget section */
		A5E0F2072944DA6400E79F3A /* StarterKit */ = {
			isa = PBXNativeTarget;
			buildConfigurationList = A5E0F2162944DA6600E79F3A /* Build configuration list for PBXNativeTarget "StarterKit" */;
			buildPhases = (
				A5E0F2042944DA6400E79F3A /* Sources */,
				A5E0F2052944DA6400E79F3A /* Frameworks */,
				A5E0F2062944DA6400E79F3A /* Resources */,
			);
			buildRules = (
			);
			dependencies = (
			);
			name = StarterKit;
			productName = StarterKit;
			productReference = A5E0F2082944DA6400E79F3A /* StarterKit.app */;
			productType = "com.apple.product-type.application";
		};
/* End PBXNativeTarget section */

/* Begin PBXProject section */
		A5E0F2002944DA6400E79F3A /* Project object */ = {
			isa = PBXProject;
			attributes = {
				BuildIndependentTargetsInParallel = 1;
				LastSwiftUpdateCheck = 1410;
				LastUpgradeCheck = 1410;
				TargetAttributes = {
					A5E0F2072944DA6400E79F3A = {
						CreatedOnToolsVersion = 14.1;
					};
				};
			};
			buildConfigurationList = A5E0F2032944DA6400E79F3A /* Build configuration list for PBXProject "StarterKit" */;
			compatibilityVersion = "Xcode 14.0";
			developmentRegion = en;
			hasScannedForEncodings = 0;
			knownRegions = (
				en,
				Base,
			);
			mainGroup = A5E0F1FF2944DA6400E79F3A;
			productRefGroup = A5E0F2092944DA6400E79F3A /* Products */;
			projectDirPath = "";
			projectRoot = "";
			targets = (
				A5E0F2072944DA6400E79F3A /* StarterKit */,
			);
		};
/* End PBXProject section */

/* Begin PBXResourcesBuildPhase section */
		A5E0F2062944DA6400E79F3A /* Resources */ = {
			isa = PBXResourcesBuildPhase;
			buildActionMask = 2147483647;
			files = (
				A5E0F24829461EEB00E79F3A /* Preview Assets.xcassets in Resources */,
				A5E0F2102944DA6600E79F3A /* Assets.xcassets in Resources */,
			);
			runOnlyForDeploymentPostprocessing = 0;
		};
/* End PBXResourcesBuildPhase section */

/* Begin PBXSourcesBuildPhase section */
		A5E0F2042944DA6400E79F3A /* Sources */ = {
			isa = PBXSourcesBuildPhase;
			buildActionMask = 2147483647;
			files = (
				A5E0F20E2944DA6400E79F3A /* WelcomeView.swift in Sources */,
				A5DCB61F2948D4520078C0E5 /* ErrorAPI.swift in Sources */,
				A5E0F20C2944DA6400E79F3A /* App.swift in Sources */,
				A53CEEAE2947AAA9007892B4 /* UserAPI.swift in Sources */,
				A5DCB6212948D7530078C0E5 /* HTTPCode.swift in Sources */,
				A53CEEAC2947A794007892B4 /* UserDTO.swift in Sources */,
				A53CEEA829479CB4007892B4 /* User.swift in Sources */,
				A53CEEB22947AFC1007892B4 /* UserDataSource.swift in Sources */,
			);
			runOnlyForDeploymentPostprocessing = 0;
		};
/* End PBXSourcesBuildPhase section */

/* Begin XCBuildConfiguration section */
		A5E0F2142944DA6600E79F3A /* Debug */ = {
			isa = XCBuildConfiguration;
			buildSettings = {
				ALWAYS_SEARCH_USER_PATHS = NO;
				CLANG_ANALYZER_NONNULL = YES;
				CLANG_ANALYZER_NUMBER_OBJECT_CONVERSION = YES_AGGRESSIVE;
				CLANG_CXX_LANGUAGE_STANDARD = "gnu++20";
				CLANG_ENABLE_MODULES = YES;
				CLANG_ENABLE_OBJC_ARC = YES;
				CLANG_ENABLE_OBJC_WEAK = YES;
				CLANG_WARN_BLOCK_CAPTURE_AUTORELEASING = YES;
				CLANG_WARN_BOOL_CONVERSION = YES;
				CLANG_WARN_COMMA = YES;
				CLANG_WARN_CONSTANT_CONVERSION = YES;
				CLANG_WARN_DEPRECATED_OBJC_IMPLEMENTATIONS = YES;
				CLANG_WARN_DIRECT_OBJC_ISA_USAGE = YES_ERROR;
				CLANG_WARN_DOCUMENTATION_COMMENTS = YES;
				CLANG_WARN_EMPTY_BODY = YES;
				CLANG_WARN_ENUM_CONVERSION = YES;
				CLANG_WARN_INFINITE_RECURSION = YES;
				CLANG_WARN_INT_CONVERSION = YES;
				CLANG_WARN_NON_LITERAL_NULL_CONVERSION = YES;
				CLANG_WARN_OBJC_IMPLICIT_RETAIN_SELF = YES;
				CLANG_WARN_OBJC_LITERAL_CONVERSION = YES;
				CLANG_WARN_OBJC_ROOT_CLASS = YES_ERROR;
				CLANG_WARN_QUOTED_INCLUDE_IN_FRAMEWORK_HEADER = YES;
				CLANG_WARN_RANGE_LOOP_ANALYSIS = YES;
				CLANG_WARN_STRICT_PROTOTYPES = YES;
				CLANG_WARN_SUSPICIOUS_MOVE = YES;
				CLANG_WARN_UNGUARDED_AVAILABILITY = YES_AGGRESSIVE;
				CLANG_WARN_UNREACHABLE_CODE = YES;
				CLANG_WARN__DUPLICATE_METHOD_MATCH = YES;
				COPY_PHASE_STRIP = NO;
				DEBUG_INFORMATION_FORMAT = dwarf;
				ENABLE_STRICT_OBJC_MSGSEND = YES;
				ENABLE_TESTABILITY = YES;
				GCC_C_LANGUAGE_STANDARD = gnu11;
				GCC_DYNAMIC_NO_PIC = NO;
				GCC_NO_COMMON_BLOCKS = YES;
				GCC_OPTIMIZATION_LEVEL = 0;
				GCC_PREPROCESSOR_DEFINITIONS = (
					"DEBUG=1",
					"$(inherited)",
				);
				GCC_WARN_64_TO_32_BIT_CONVERSION = YES;
				GCC_WARN_ABOUT_RETURN_TYPE = YES_ERROR;
				GCC_WARN_UNDECLARED_SELECTOR = YES;
				GCC_WARN_UNINITIALIZED_AUTOS = YES_AGGRESSIVE;
				GCC_WARN_UNUSED_FUNCTION = YES;
				GCC_WARN_UNUSED_VARIABLE = YES;
				IPHONEOS_DEPLOYMENT_TARGET = 16.1;
				MTL_ENABLE_DEBUG_INFO = INCLUDE_SOURCE;
				MTL_FAST_MATH = YES;
				ONLY_ACTIVE_ARCH = YES;
				SDKROOT = iphoneos;
				SWIFT_ACTIVE_COMPILATION_CONDITIONS = DEBUG;
				SWIFT_OPTIMIZATION_LEVEL = "-Onone";
			};
			name = Debug;
		};
		A5E0F2152944DA6600E79F3A /* Release */ = {
			isa = XCBuildConfiguration;
			buildSettings = {
				ALWAYS_SEARCH_USER_PATHS = NO;
				CLANG_ANALYZER_NONNULL = YES;
				CLANG_ANALYZER_NUMBER_OBJECT_CONVERSION = YES_AGGRESSIVE;
				CLANG_CXX_LANGUAGE_STANDARD = "gnu++20";
				CLANG_ENABLE_MODULES = YES;
				CLANG_ENABLE_OBJC_ARC = YES;
				CLANG_ENABLE_OBJC_WEAK = YES;
				CLANG_WARN_BLOCK_CAPTURE_AUTORELEASING = YES;
				CLANG_WARN_BOOL_CONVERSION = YES;
				CLANG_WARN_COMMA = YES;
				CLANG_WARN_CONSTANT_CONVERSION = YES;
				CLANG_WARN_DEPRECATED_OBJC_IMPLEMENTATIONS = YES;
				CLANG_WARN_DIRECT_OBJC_ISA_USAGE = YES_ERROR;
				CLANG_WARN_DOCUMENTATION_COMMENTS = YES;
				CLANG_WARN_EMPTY_BODY = YES;
				CLANG_WARN_ENUM_CONVERSION = YES;
				CLANG_WARN_INFINITE_RECURSION = YES;
				CLANG_WARN_INT_CONVERSION = YES;
				CLANG_WARN_NON_LITERAL_NULL_CONVERSION = YES;
				CLANG_WARN_OBJC_IMPLICIT_RETAIN_SELF = YES;
				CLANG_WARN_OBJC_LITERAL_CONVERSION = YES;
				CLANG_WARN_OBJC_ROOT_CLASS = YES_ERROR;
				CLANG_WARN_QUOTED_INCLUDE_IN_FRAMEWORK_HEADER = YES;
				CLANG_WARN_RANGE_LOOP_ANALYSIS = YES;
				CLANG_WARN_STRICT_PROTOTYPES = YES;
				CLANG_WARN_SUSPICIOUS_MOVE = YES;
				CLANG_WARN_UNGUARDED_AVAILABILITY = YES_AGGRESSIVE;
				CLANG_WARN_UNREACHABLE_CODE = YES;
				CLANG_WARN__DUPLICATE_METHOD_MATCH = YES;
				COPY_PHASE_STRIP = NO;
				DEBUG_INFORMATION_FORMAT = "dwarf-with-dsym";
				ENABLE_NS_ASSERTIONS = NO;
				ENABLE_STRICT_OBJC_MSGSEND = YES;
				GCC_C_LANGUAGE_STANDARD = gnu11;
				GCC_NO_COMMON_BLOCKS = YES;
				GCC_WARN_64_TO_32_BIT_CONVERSION = YES;
				GCC_WARN_ABOUT_RETURN_TYPE = YES_ERROR;
				GCC_WARN_UNDECLARED_SELECTOR = YES;
				GCC_WARN_UNINITIALIZED_AUTOS = YES_AGGRESSIVE;
				GCC_WARN_UNUSED_FUNCTION = YES;
				GCC_WARN_UNUSED_VARIABLE = YES;
				IPHONEOS_DEPLOYMENT_TARGET = 16.1;
				MTL_ENABLE_DEBUG_INFO = NO;
				MTL_FAST_MATH = YES;
				SDKROOT = iphoneos;
				SWIFT_COMPILATION_MODE = wholemodule;
				SWIFT_OPTIMIZATION_LEVEL = "-O";
				VALIDATE_PRODUCT = YES;
			};
			name = Release;
		};
		A5E0F2172944DA6600E79F3A /* Debug */ = {
			isa = XCBuildConfiguration;
			buildSettings = {
				ASSETCATALOG_COMPILER_APPICON_NAME = AppIcon;
				ASSETCATALOG_COMPILER_GLOBAL_ACCENT_COLOR_NAME = AccentColor;
				CODE_SIGN_STYLE = Automatic;
				CURRENT_PROJECT_VERSION = 1;
				DEVELOPMENT_ASSET_PATHS = "\"StarterKit/Preview Content\"";
				DEVELOPMENT_TEAM = TZTSS56N88;
				ENABLE_PREVIEWS = YES;
				GENERATE_INFOPLIST_FILE = YES;
				INFOPLIST_KEY_UIApplicationSceneManifest_Generation = YES;
				INFOPLIST_KEY_UIApplicationSupportsIndirectInputEvents = YES;
				INFOPLIST_KEY_UILaunchScreen_Generation = YES;
				INFOPLIST_KEY_UISupportedInterfaceOrientations_iPad = "UIInterfaceOrientationPortrait UIInterfaceOrientationPortraitUpsideDown UIInterfaceOrientationLandscapeLeft UIInterfaceOrientationLandscapeRight";
				INFOPLIST_KEY_UISupportedInterfaceOrientations_iPhone = "UIInterfaceOrientationPortrait UIInterfaceOrientationLandscapeLeft UIInterfaceOrientationLandscapeRight";
				LD_RUNPATH_SEARCH_PATHS = (
					"$(inherited)",
					"@executable_path/Frameworks",
				);
				MARKETING_VERSION = 1.0;
				PRODUCT_BUNDLE_IDENTIFIER = withmasood.com.StarterKit;
				PRODUCT_NAME = "$(TARGET_NAME)";
				SWIFT_EMIT_LOC_STRINGS = YES;
				SWIFT_VERSION = 5.0;
				TARGETED_DEVICE_FAMILY = "1,2";
			};
			name = Debug;
		};
		A5E0F2182944DA6600E79F3A /* Release */ = {
			isa = XCBuildConfiguration;
			buildSettings = {
				ASSETCATALOG_COMPILER_APPICON_NAME = AppIcon;
				ASSETCATALOG_COMPILER_GLOBAL_ACCENT_COLOR_NAME = AccentColor;
				CODE_SIGN_STYLE = Automatic;
				CURRENT_PROJECT_VERSION = 1;
				DEVELOPMENT_ASSET_PATHS = "\"StarterKit/Preview Content\"";
				DEVELOPMENT_TEAM = TZTSS56N88;
				ENABLE_PREVIEWS = YES;
				GENERATE_INFOPLIST_FILE = YES;
				INFOPLIST_KEY_UIApplicationSceneManifest_Generation = YES;
				INFOPLIST_KEY_UIApplicationSupportsIndirectInputEvents = YES;
				INFOPLIST_KEY_UILaunchScreen_Generation = YES;
				INFOPLIST_KEY_UISupportedInterfaceOrientations_iPad = "UIInterfaceOrientationPortrait UIInterfaceOrientationPortraitUpsideDown UIInterfaceOrientationLandscapeLeft UIInterfaceOrientationLandscapeRight";
				INFOPLIST_KEY_UISupportedInterfaceOrientations_iPhone = "UIInterfaceOrientationPortrait UIInterfaceOrientationLandscapeLeft UIInterfaceOrientationLandscapeRight";
				LD_RUNPATH_SEARCH_PATHS = (
					"$(inherited)",
					"@executable_path/Frameworks",
				);
				MARKETING_VERSION = 1.0;
				PRODUCT_BUNDLE_IDENTIFIER = withmasood.com.StarterKit;
				PRODUCT_NAME = "$(TARGET_NAME)";
				SWIFT_EMIT_LOC_STRINGS = YES;
				SWIFT_VERSION = 5.0;
				TARGETED_DEVICE_FAMILY = "1,2";
			};
			name = Release;
		};
/* End XCBuildConfiguration section */

/* Begin XCConfigurationList section */
		A5E0F2032944DA6400E79F3A /* Build configuration list for PBXProject "StarterKit" */ = {
			isa = XCConfigurationList;
			buildConfigurations = (
				A5E0F2142944DA6600E79F3A /* Debug */,
				A5E0F2152944DA6600E79F3A /* Release */,
			);
			defaultConfigurationIsVisible = 0;
			defaultConfigurationName = Release;
		};
		A5E0F2162944DA6600E79F3A /* Build configuration list for PBXNativeTarget "StarterKit" */ = {
			isa = XCConfigurationList;
			buildConfigurations = (
				A5E0F2172944DA6600E79F3A /* Debug */,
				A5E0F2182944DA6600E79F3A /* Release */,
			);
			defaultConfigurationIsVisible = 0;
			defaultConfigurationName = Release;
		};
/* End XCConfigurationList section */
	};
	rootObject = A5E0F2002944DA6400E79F3A /* Project object */;
}
